<<<<<<< HEAD
Microsoft Visual Studio Solution File, Format Version 11.00
# Visual Studio 2008

Project("{6FC6F8FA-1AA8-B7B5-9151-793B4CAEA018}") = "RPG", "Assembly-CSharp.csproj", "{0BE8E511-D506-A1D0-E67D-923A5ED26D39}"
=======
﻿
Microsoft Visual Studio Solution File, Format Version 12.00
# Visual Studio 2015
Project("{FAE04EC0-301F-11D3-BF4B-00C04F79EFBC}") = "RPG.CSharp", "RPG.CSharp.csproj", "{69D47976-A154-2D85-F949-7B47FF894F96}"
>>>>>>> refs/remotes/griddummy/master
EndProject
Global
	GlobalSection(SolutionConfigurationPlatforms) = preSolution
		Debug|Any CPU = Debug|Any CPU
		Release|Any CPU = Release|Any CPU
	EndGlobalSection
	GlobalSection(ProjectConfigurationPlatforms) = postSolution
<<<<<<< HEAD
		{0BE8E511-D506-A1D0-E67D-923A5ED26D39}.Debug|Any CPU.ActiveCfg = Debug|Any CPU
		{0BE8E511-D506-A1D0-E67D-923A5ED26D39}.Debug|Any CPU.Build.0 = Debug|Any CPU
		{0BE8E511-D506-A1D0-E67D-923A5ED26D39}.Release|Any CPU.ActiveCfg = Release|Any CPU
		{0BE8E511-D506-A1D0-E67D-923A5ED26D39}.Release|Any CPU.Build.0 = Release|Any CPU
=======
		{69D47976-A154-2D85-F949-7B47FF894F96}.Debug|Any CPU.ActiveCfg = Debug|Any CPU
		{69D47976-A154-2D85-F949-7B47FF894F96}.Debug|Any CPU.Build.0 = Debug|Any CPU
		{69D47976-A154-2D85-F949-7B47FF894F96}.Release|Any CPU.ActiveCfg = Release|Any CPU
		{69D47976-A154-2D85-F949-7B47FF894F96}.Release|Any CPU.Build.0 = Release|Any CPU
>>>>>>> refs/remotes/griddummy/master
	EndGlobalSection
	GlobalSection(SolutionProperties) = preSolution
		HideSolutionNode = FALSE
	EndGlobalSection
<<<<<<< HEAD
	GlobalSection(MonoDevelopProperties) = preSolution
		StartupItem = Assembly-CSharp.csproj
	EndGlobalSection
=======
>>>>>>> refs/remotes/griddummy/master
EndGlobal
